
Microsoft Visual Studio Solution File, Format Version 12.00
# Visual Studio Version 17
VisualStudioVersion = 17.5.002.0
MinimumVisualStudioVersion = 10.0.40219.1
Project("{9A19103F-16F7-4668-BE54-9A1E7A4F7556}") = "CretaceousClient", "CretaceousClient.csproj", "{64C4AB2C-1CF8-429E-9116-1FE100907B52}"
EndProject
Global
	GlobalSection(SolutionConfigurationPlatforms) = preSolution
		Debug|Any CPU = Debug|Any CPU
		Release|Any CPU = Release|Any CPU
	EndGlobalSection
	GlobalSection(ProjectConfigurationPlatforms) = postSolution
		{64C4AB2C-1CF8-429E-9116-1FE100907B52}.Debug|Any CPU.ActiveCfg = Debug|Any CPU
		{64C4AB2C-1CF8-429E-9116-1FE100907B52}.Debug|Any CPU.Build.0 = Debug|Any CPU
		{64C4AB2C-1CF8-429E-9116-1FE100907B52}.Release|Any CPU.ActiveCfg = Release|Any CPU
		{64C4AB2C-1CF8-429E-9116-1FE100907B52}.Release|Any CPU.Build.0 = Release|Any CPU
	EndGlobalSection
	GlobalSection(SolutionProperties) = preSolution
		HideSolutionNode = FALSE
	EndGlobalSection
	GlobalSection(ExtensibilityGlobals) = postSolution
		SolutionGuid = {4CB1D80B-16D6-48B7-B85F-912916993C6A}
	EndGlobalSection
EndGlobal
